
Microsoft Visual Studio Solution File, Format Version 12.00
# Visual Studio Version 17
VisualStudioVersion = 17.0.31903.59
MinimumVisualStudioVersion = 10.0.40219.1
Project("{2150E333-8FDC-42A3-9474-1A3956D46DE8}") = "src", "src", "{827E0CD3-B72D-47B6-A68D-7590B98EB39B}"
EndProject
Project("{FAE04EC0-301F-11D3-BF4B-00C04F79EFBC}") = "TaskFlow.API", "src\TaskFlow.API\TaskFlow.API.csproj", "{2CB9BA26-35A9-47BE-8E7E-7A239804B4B0}"
EndProject
Project("{FAE04EC0-301F-11D3-BF4B-00C04F79EFBC}") = "TaskFlow.Application", "src\TaskFlow.Application\TaskFlow.Application.csproj", "{57896CFB-5B77-4749-9B41-C4799EE0FF3C}"
EndProject
Project("{FAE04EC0-301F-11D3-BF4B-00C04F79EFBC}") = "TaskFlow.Domain", "src\TaskFlow.Domain\TaskFlow.Domain.csproj", "{18ACD38C-AA58-4EDE-9C6A-5FC6C0DFC0EE}"
EndProject
Project("{FAE04EC0-301F-11D3-BF4B-00C04F79EFBC}") = "TaskFlow.Infrastructure", "src\TaskFlow.Infrastructure\TaskFlow.Infrastructure.csproj", "{98A958CC-2792-44AF-86AF-17D6FCC6777F}"
EndProject
Global
	GlobalSection(SolutionConfigurationPlatforms) = preSolution
		Debug|Any CPU = Debug|Any CPU
		Debug|x64 = Debug|x64
		Debug|x86 = Debug|x86
		Release|Any CPU = Release|Any CPU
		Release|x64 = Release|x64
		Release|x86 = Release|x86
	EndGlobalSection
	GlobalSection(ProjectConfigurationPlatforms) = postSolution
		{2CB9BA26-35A9-47BE-8E7E-7A239804B4B0}.Debug|Any CPU.ActiveCfg = Debug|Any CPU
		{2CB9BA26-35A9-47BE-8E7E-7A239804B4B0}.Debug|Any CPU.Build.0 = Debug|Any CPU
		{2CB9BA26-35A9-47BE-8E7E-7A239804B4B0}.Debug|x64.ActiveCfg = Debug|Any CPU
		{2CB9BA26-35A9-47BE-8E7E-7A239804B4B0}.Debug|x64.Build.0 = Debug|Any CPU
		{2CB9BA26-35A9-47BE-8E7E-7A239804B4B0}.Debug|x86.ActiveCfg = Debug|Any CPU
		{2CB9BA26-35A9-47BE-8E7E-7A239804B4B0}.Debug|x86.Build.0 = Debug|Any CPU
		{2CB9BA26-35A9-47BE-8E7E-7A239804B4B0}.Release|Any CPU.ActiveCfg = Release|Any CPU
		{2CB9BA26-35A9-47BE-8E7E-7A239804B4B0}.Release|Any CPU.Build.0 = Release|Any CPU
		{2CB9BA26-35A9-47BE-8E7E-7A239804B4B0}.Release|x64.ActiveCfg = Release|Any CPU
		{2CB9BA26-35A9-47BE-8E7E-7A239804B4B0}.Release|x64.Build.0 = Release|Any CPU
		{2CB9BA26-35A9-47BE-8E7E-7A239804B4B0}.Release|x86.ActiveCfg = Release|Any CPU
		{2CB9BA26-35A9-47BE-8E7E-7A239804B4B0}.Release|x86.Build.0 = Release|Any CPU
		{57896CFB-5B77-4749-9B41-C4799EE0FF3C}.Debug|Any CPU.ActiveCfg = Debug|Any CPU
		{57896CFB-5B77-4749-9B41-C4799EE0FF3C}.Debug|Any CPU.Build.0 = Debug|Any CPU
		{57896CFB-5B77-4749-9B41-C4799EE0FF3C}.Debug|x64.ActiveCfg = Debug|Any CPU
		{57896CFB-5B77-4749-9B41-C4799EE0FF3C}.Debug|x64.Build.0 = Debug|Any CPU
		{57896CFB-5B77-4749-9B41-C4799EE0FF3C}.Debug|x86.ActiveCfg = Debug|Any CPU
		{57896CFB-5B77-4749-9B41-C4799EE0FF3C}.Debug|x86.Build.0 = Debug|Any CPU
		{57896CFB-5B77-4749-9B41-C4799EE0FF3C}.Release|Any CPU.ActiveCfg = Release|Any CPU
		{57896CFB-5B77-4749-9B41-C4799EE0FF3C}.Release|Any CPU.Build.0 = Release|Any CPU
		{57896CFB-5B77-4749-9B41-C4799EE0FF3C}.Release|x64.ActiveCfg = Release|Any CPU
		{57896CFB-5B77-4749-9B41-C4799EE0FF3C}.Release|x64.Build.0 = Release|Any CPU
		{57896CFB-5B77-4749-9B41-C4799EE0FF3C}.Release|x86.ActiveCfg = Release|Any CPU
		{57896CFB-5B77-4749-9B41-C4799EE0FF3C}.Release|x86.Build.0 = Release|Any CPU
		{18ACD38C-AA58-4EDE-9C6A-5FC6C0DFC0EE}.Debug|Any CPU.ActiveCfg = Debug|Any CPU
		{18ACD38C-AA58-4EDE-9C6A-5FC6C0DFC0EE}.Debug|Any CPU.Build.0 = Debug|Any CPU
		{18ACD38C-AA58-4EDE-9C6A-5FC6C0DFC0EE}.Debug|x64.ActiveCfg = Debug|Any CPU
		{18ACD38C-AA58-4EDE-9C6A-5FC6C0DFC0EE}.Debug|x64.Build.0 = Debug|Any CPU
		{18ACD38C-AA58-4EDE-9C6A-5FC6C0DFC0EE}.Debug|x86.ActiveCfg = Debug|Any CPU
		{18ACD38C-AA58-4EDE-9C6A-5FC6C0DFC0EE}.Debug|x86.Build.0 = Debug|Any CPU
		{18ACD38C-AA58-4EDE-9C6A-5FC6C0DFC0EE}.Release|Any CPU.ActiveCfg = Release|Any CPU
		{18ACD38C-AA58-4EDE-9C6A-5FC6C0DFC0EE}.Release|Any CPU.Build.0 = Release|Any CPU
		{18ACD38C-AA58-4EDE-9C6A-5FC6C0DFC0EE}.Release|x64.ActiveCfg = Release|Any CPU
		{18ACD38C-AA58-4EDE-9C6A-5FC6C0DFC0EE}.Release|x64.Build.0 = Release|Any CPU
		{18ACD38C-AA58-4EDE-9C6A-5FC6C0DFC0EE}.Release|x86.ActiveCfg = Release|Any CPU
		{18ACD38C-AA58-4EDE-9C6A-5FC6C0DFC0EE}.Release|x86.Build.0 = Release|Any CPU
		{98A958CC-2792-44AF-86AF-17D6FCC6777F}.Debug|Any CPU.ActiveCfg = Debug|Any CPU
		{98A958CC-2792-44AF-86AF-17D6FCC6777F}.Debug|Any CPU.Build.0 = Debug|Any CPU
		{98A958CC-2792-44AF-86AF-17D6FCC6777F}.Debug|x64.ActiveCfg = Debug|Any CPU
		{98A958CC-2792-44AF-86AF-17D6FCC6777F}.Debug|x64.Build.0 = Debug|Any CPU
		{98A958CC-2792-44AF-86AF-17D6FCC6777F}.Debug|x86.ActiveCfg = Debug|Any CPU
		{98A958CC-2792-44AF-86AF-17D6FCC6777F}.Debug|x86.Build.0 = Debug|Any CPU
		{98A958CC-2792-44AF-86AF-17D6FCC6777F}.Release|Any CPU.ActiveCfg = Release|Any CPU
		{98A958CC-2792-44AF-86AF-17D6FCC6777F}.Release|Any CPU.Build.0 = Release|Any CPU
		{98A958CC-2792-44AF-86AF-17D6FCC6777F}.Release|x64.ActiveCfg = Release|Any CPU
		{98A958CC-2792-44AF-86AF-17D6FCC6777F}.Release|x64.Build.0 = Release|Any CPU
		{98A958CC-2792-44AF-86AF-17D6FCC6777F}.Release|x86.ActiveCfg = Release|Any CPU
		{98A958CC-2792-44AF-86AF-17D6FCC6777F}.Release|x86.Build.0 = Release|Any CPU
	EndGlobalSection
	GlobalSection(SolutionProperties) = preSolution
		HideSolutionNode = FALSE
	EndGlobalSection
	GlobalSection(NestedProjects) = preSolution
		{2CB9BA26-35A9-47BE-8E7E-7A239804B4B0} = {827E0CD3-B72D-47B6-A68D-7590B98EB39B}
		{57896CFB-5B77-4749-9B41-C4799EE0FF3C} = {827E0CD3-B72D-47B6-A68D-7590B98EB39B}
		{18ACD38C-AA58-4EDE-9C6A-5FC6C0DFC0EE} = {827E0CD3-B72D-47B6-A68D-7590B98EB39B}
		{98A958CC-2792-44AF-86AF-17D6FCC6777F} = {827E0CD3-B72D-47B6-A68D-7590B98EB39B}
	EndGlobalSection
EndGlobal
